
Microsoft Visual Studio Solution File, Format Version 12.00
# Visual Studio Version 16
VisualStudioVersion = 16.0.35425.106
MinimumVisualStudioVersion = 10.0.40219.1
Project("{FAE04EC0-301F-11D3-BF4B-00C04F79EFBC}") = "ChessTrainer", "ChessTrainer\ChessTrainer.csproj", "{7A31D766-ED53-443F-9CDC-2383E422B1A7}"
EndProject
Project("{FAE04EC0-301F-11D3-BF4B-00C04F79EFBC}") = "ChessGame", "..\ChessGame\ChessGame\ChessGame.csproj", "{F948A8F1-A657-4005-AC6E-6C97C809E736}"
EndProject
Global
	GlobalSection(SolutionConfigurationPlatforms) = preSolution
		Debug|Any CPU = Debug|Any CPU
		Release|Any CPU = Release|Any CPU
	EndGlobalSection
	GlobalSection(ProjectConfigurationPlatforms) = postSolution
		{7A31D766-ED53-443F-9CDC-2383E422B1A7}.Debug|Any CPU.ActiveCfg = Debug|Any CPU
		{7A31D766-ED53-443F-9CDC-2383E422B1A7}.Debug|Any CPU.Build.0 = Debug|Any CPU
		{7A31D766-ED53-443F-9CDC-2383E422B1A7}.Release|Any CPU.ActiveCfg = Release|Any CPU
		{7A31D766-ED53-443F-9CDC-2383E422B1A7}.Release|Any CPU.Build.0 = Release|Any CPU
		{F948A8F1-A657-4005-AC6E-6C97C809E736}.Debug|Any CPU.ActiveCfg = Debug|Any CPU
		{F948A8F1-A657-4005-AC6E-6C97C809E736}.Debug|Any CPU.Build.0 = Debug|Any CPU
		{F948A8F1-A657-4005-AC6E-6C97C809E736}.Release|Any CPU.ActiveCfg = Release|Any CPU
		{F948A8F1-A657-4005-AC6E-6C97C809E736}.Release|Any CPU.Build.0 = Release|Any CPU
	EndGlobalSection
	GlobalSection(SolutionProperties) = preSolution
		HideSolutionNode = FALSE
	EndGlobalSection
	GlobalSection(ExtensibilityGlobals) = postSolution
		SolutionGuid = {E30771EB-A1AB-484B-B9C2-9771DCB2421F}
	EndGlobalSection
EndGlobal
